
Microsoft Visual Studio Solution File, Format Version 12.00
# Visual Studio Version 17
VisualStudioVersion = 17.6.33723.286
MinimumVisualStudioVersion = 10.0.40219.1
Project("{2150E333-8FDC-42A3-9474-1A3956D46DE8}") = "Solition Folder", "Solition Folder", "{2707050E-704D-4CDC-A036-8BDF9620FF69}"
	ProjectSection(SolutionItems) = preProject
		Ports.txt = Ports.txt
	EndProjectSection
EndProject
Project("{2150E333-8FDC-42A3-9474-1A3956D46DE8}") = "Shared", "Shared", "{42CAD214-9903-48ED-BE75-561A510419C1}"
EndProject
Project("{9A19103F-16F7-4668-BE54-9A1E7A4F7556}") = "SocialNetwork.Shared", "Shared\SocialNetwork.Shared\SocialNetwork.Shared.csproj", "{0B54A5D3-6C52-4EDA-9721-021E830D8863}"
EndProject
Project("{2150E333-8FDC-42A3-9474-1A3956D46DE8}") = "IdentityServer", "IdentityServer", "{88544639-6DCB-4A5F-A910-7ABF8C54A729}"
EndProject
Project("{9A19103F-16F7-4668-BE54-9A1E7A4F7556}") = "SocialNetwork.IdentityServer", "SocialNetwork.IdentityServer\SocialNetwork.IdentityServer.csproj", "{97EE1D74-6CBE-4344-9FA4-B52F9DAB1379}"
EndProject
Project("{2150E333-8FDC-42A3-9474-1A3956D46DE8}") = "Geteways", "Geteways", "{B5CDD560-4F0B-4568-BCAA-E95CAABF622A}"
EndProject
Project("{9A19103F-16F7-4668-BE54-9A1E7A4F7556}") = "SocialNetwork.Geteway", "SocialNetwork.Geteway\SocialNetwork.Geteway.csproj", "{B9D87EF2-8A2A-4DC6-B584-BAF3DD49B121}"
EndProject
Project("{2150E333-8FDC-42A3-9474-1A3956D46DE8}") = "Frontends", "Frontends", "{0E8BB422-E580-4405-8D35-77EBD404B042}"
EndProject
Project("{2150E333-8FDC-42A3-9474-1A3956D46DE8}") = "Services", "Services", "{75FEDEEA-7FE0-4611-BF12-5D3EFD436F8A}"
EndProject
Project("{2150E333-8FDC-42A3-9474-1A3956D46DE8}") = "Media", "Media", "{35230779-C733-46F2-92DD-040268AB8AE6}"
EndProject
Project("{9A19103F-16F7-4668-BE54-9A1E7A4F7556}") = "SocialNetwork.Services.Media", "Services\Media\SocialNetwork.Services.Media\SocialNetwork.Services.Media.csproj", "{1F264507-CEE6-48AA-AFAE-65C6C6220702}"
EndProject
Project("{2150E333-8FDC-42A3-9474-1A3956D46DE8}") = "Post", "Post", "{33F9E7BC-DB00-4B8D-8239-23B3685FB05E}"
EndProject
Project("{9A19103F-16F7-4668-BE54-9A1E7A4F7556}") = "SocialNetwork.Services.Post", "Services\Post\SocialNetwork.Services.Post\SocialNetwork.Services.Post.csproj", "{E6FDE18B-A0B7-4636-A899-626F2BACC178}"
EndProject
Project("{2150E333-8FDC-42A3-9474-1A3956D46DE8}") = "Graph", "Graph", "{FBAC7601-6A90-4627-8C63-D18B4B3C534F}"
EndProject
Project("{2150E333-8FDC-42A3-9474-1A3956D46DE8}") = "Feed", "Feed", "{8EDC285C-B95C-4161-B40C-D2BCA388EAE6}"
EndProject
Project("{9A19103F-16F7-4668-BE54-9A1E7A4F7556}") = "SocialNetwork.Services.Feed", "Services\Feed\SocialNetwork.Services.Feed\SocialNetwork.Services.Feed.csproj", "{BA11F09A-A5B0-4353-8565-3632069AC69F}"
EndProject
Project("{2150E333-8FDC-42A3-9474-1A3956D46DE8}") = "Notification", "Notification", "{1C0B13CA-7820-4AD5-A3D8-DE489F8A373D}"
EndProject
Project("{9A19103F-16F7-4668-BE54-9A1E7A4F7556}") = "SocialNetwork.Services.Notification", "Services\Notification\SocialNetwork.Services.Notification\SocialNetwork.Services.Notification.csproj", "{44144263-01D8-4FE8-9E31-98D952BCDB97}"
EndProject
Project("{2150E333-8FDC-42A3-9474-1A3956D46DE8}") = "Search", "Search", "{6FAABFBD-40A7-4DB3-AEE1-0E01367553CE}"
EndProject
Project("{9A19103F-16F7-4668-BE54-9A1E7A4F7556}") = "SocialNetwork.Services.Search", "Services\Search\SocialNetwork.Services.Search\SocialNetwork.Services.Search.csproj", "{B6D25D16-A445-43B6-95A1-626DF014B87A}"
EndProject
Project("{2150E333-8FDC-42A3-9474-1A3956D46DE8}") = "Message", "Message", "{C56CB008-58AC-4160-BCE8-2CF1E8B30626}"
EndProject
Project("{9A19103F-16F7-4668-BE54-9A1E7A4F7556}") = "SocialNetwork.Services.Message", "Services\Messages\SocialNetwork.Services.Message\SocialNetwork.Services.Message.csproj", "{65755A30-7DF4-4FD0-9CB6-FE4A67C64156}"
EndProject
Project("{2150E333-8FDC-42A3-9474-1A3956D46DE8}") = "Live", "Live", "{A8C84B9C-5B7F-4597-B75A-22DE085A4624}"
EndProject
Project("{9A19103F-16F7-4668-BE54-9A1E7A4F7556}") = "SocialNetwork.Services.Live", "Services\Live\SocialNetwork.Services.Live\SocialNetwork.Services.Live.csproj", "{23EFB3EC-8DD2-4BB1-A794-FE1619565480}"
EndProject
Project("{2150E333-8FDC-42A3-9474-1A3956D46DE8}") = "Discover", "Discover", "{6222D77D-F58A-4FCC-80D8-6233D42A7860}"
EndProject
Project("{9A19103F-16F7-4668-BE54-9A1E7A4F7556}") = "SocialNetwork.Services.Discover", "Services\Discover\SocialNetwork.Services.Discover\SocialNetwork.Services.Discover.csproj", "{D0377169-52C1-4294-91CA-C97C0C19B293}"
EndProject
Project("{2150E333-8FDC-42A3-9474-1A3956D46DE8}") = "Story", "Story", "{94439132-E969-4D2F-B379-559BA372AB1B}"
EndProject
Project("{9A19103F-16F7-4668-BE54-9A1E7A4F7556}") = "SocialNetwork.Services.Story", "Services\Story\SocialNetwork.Services.Story\SocialNetwork.Services.Story.csproj", "{FA80CA32-BE43-422D-8855-81B11ACA853F}"
EndProject
Project("{9A19103F-16F7-4668-BE54-9A1E7A4F7556}") = "SocialNetwork.IdentityServer.Core", "IdentityServer\SocialNetwork.IdentityServer.Core\SocialNetwork.IdentityServer.Core.csproj", "{92B98CF9-00DC-4EE2-831E-C21F116C0ED0}"
EndProject
Project("{9A19103F-16F7-4668-BE54-9A1E7A4F7556}") = "SocialNetwork.IdentityServer.Data", "SocialNetwork.IdentityServer.Data\SocialNetwork.IdentityServer.Data.csproj", "{8779E9E5-11A5-4B06-8806-52BA1B008983}"
EndProject
Project("{9A19103F-16F7-4668-BE54-9A1E7A4F7556}") = "SocialNetworkIdentityServer.Service", "IdentityServer\SocialNetworkIdentityServer.Service\SocialNetworkIdentityServer.Service.csproj", "{2330ECC4-12A1-4DDF-AE10-2EE70337BFAE}"
EndProject
Project("{9A19103F-16F7-4668-BE54-9A1E7A4F7556}") = "A. SocialNetwork.Services.Graph", "Services\Graph\A. SocialNetwork.Services.Graph\A. SocialNetwork.Services.Graph.csproj", "{20E59ED5-8196-4330-BB91-C98AF1C33DFD}"
EndProject
Project("{9A19103F-16F7-4668-BE54-9A1E7A4F7556}") = "B .SocialNetwork.Servicec.Graph.Core", "Services\Graph\B .SocialNetwork.Servicec.Graph.Core\B .SocialNetwork.Servicec.Graph.Core.csproj", "{3420F53F-6350-4632-AC1A-22EA5329660C}"
EndProject
Project("{9A19103F-16F7-4668-BE54-9A1E7A4F7556}") = "C. SocialNetwork.Services.Graph.Repository", "Services\Graph\C. SocialNetwork.Services.Graph.Repository\C. SocialNetwork.Services.Graph.Repository.csproj", "{86F5895A-37F1-4403-AA2E-FAB6E6D08AC2}"
EndProject
Project("{FAE04EC0-301F-11D3-BF4B-00C04F79EFBC}") = "D. SocialNetwork.Services.Graph.Services", "Services\Graph\D. SocialNetwork.Services.Graph.Services\D. SocialNetwork.Services.Graph.Services.csproj", "{E68CB160-7D74-45CF-994B-59823B7343A0}"
EndProject
Project("{FAE04EC0-301F-11D3-BF4B-00C04F79EFBC}") = "SocialNetwork.WEB", "Frontends\SocialNetwork.WEB\SocialNetwork.WEB.csproj", "{D6E71392-13D3-4E78-A81D-D988721B3C0F}"
EndProject
Project("{FAE04EC0-301F-11D3-BF4B-00C04F79EFBC}") = "SocialNetwork.WEB.Core", "Frontends\SocialNetwork.WEB.Core\SocialNetwork.WEB.Core.csproj", "{896BBACB-7545-445D-82F1-C059A3EEC51F}"
EndProject
Project("{FAE04EC0-301F-11D3-BF4B-00C04F79EFBC}") = "SocialNetwork.WEB.Data", "Frontends\SocialNetwork.WEB.Data\SocialNetwork.WEB.Data.csproj", "{1DB1C396-5175-47E3-AFE6-9054FECB5294}"
EndProject
Project("{FAE04EC0-301F-11D3-BF4B-00C04F79EFBC}") = "SocialNetwork.WEB.Service", "Frontends\SocialNetwork.WEB.Service\SocialNetwork.WEB.Service.csproj", "{849DF1FA-5467-46D1-972D-0CE335758C8D}"
EndProject
Global
	GlobalSection(SolutionConfigurationPlatforms) = preSolution
		Debug|Any CPU = Debug|Any CPU
		Release|Any CPU = Release|Any CPU
	EndGlobalSection
	GlobalSection(ProjectConfigurationPlatforms) = postSolution
		{0B54A5D3-6C52-4EDA-9721-021E830D8863}.Debug|Any CPU.ActiveCfg = Debug|Any CPU
		{0B54A5D3-6C52-4EDA-9721-021E830D8863}.Debug|Any CPU.Build.0 = Debug|Any CPU
		{0B54A5D3-6C52-4EDA-9721-021E830D8863}.Release|Any CPU.ActiveCfg = Release|Any CPU
		{0B54A5D3-6C52-4EDA-9721-021E830D8863}.Release|Any CPU.Build.0 = Release|Any CPU
		{97EE1D74-6CBE-4344-9FA4-B52F9DAB1379}.Debug|Any CPU.ActiveCfg = Debug|Any CPU
		{97EE1D74-6CBE-4344-9FA4-B52F9DAB1379}.Debug|Any CPU.Build.0 = Debug|Any CPU
		{97EE1D74-6CBE-4344-9FA4-B52F9DAB1379}.Release|Any CPU.ActiveCfg = Release|Any CPU
		{97EE1D74-6CBE-4344-9FA4-B52F9DAB1379}.Release|Any CPU.Build.0 = Release|Any CPU
		{B9D87EF2-8A2A-4DC6-B584-BAF3DD49B121}.Debug|Any CPU.ActiveCfg = Debug|Any CPU
		{B9D87EF2-8A2A-4DC6-B584-BAF3DD49B121}.Debug|Any CPU.Build.0 = Debug|Any CPU
		{B9D87EF2-8A2A-4DC6-B584-BAF3DD49B121}.Release|Any CPU.ActiveCfg = Release|Any CPU
		{B9D87EF2-8A2A-4DC6-B584-BAF3DD49B121}.Release|Any CPU.Build.0 = Release|Any CPU
		{1F264507-CEE6-48AA-AFAE-65C6C6220702}.Debug|Any CPU.ActiveCfg = Debug|Any CPU
		{1F264507-CEE6-48AA-AFAE-65C6C6220702}.Debug|Any CPU.Build.0 = Debug|Any CPU
		{1F264507-CEE6-48AA-AFAE-65C6C6220702}.Release|Any CPU.ActiveCfg = Release|Any CPU
		{1F264507-CEE6-48AA-AFAE-65C6C6220702}.Release|Any CPU.Build.0 = Release|Any CPU
		{E6FDE18B-A0B7-4636-A899-626F2BACC178}.Debug|Any CPU.ActiveCfg = Debug|Any CPU
		{E6FDE18B-A0B7-4636-A899-626F2BACC178}.Debug|Any CPU.Build.0 = Debug|Any CPU
		{E6FDE18B-A0B7-4636-A899-626F2BACC178}.Release|Any CPU.ActiveCfg = Release|Any CPU
		{E6FDE18B-A0B7-4636-A899-626F2BACC178}.Release|Any CPU.Build.0 = Release|Any CPU
		{BA11F09A-A5B0-4353-8565-3632069AC69F}.Debug|Any CPU.ActiveCfg = Debug|Any CPU
		{BA11F09A-A5B0-4353-8565-3632069AC69F}.Debug|Any CPU.Build.0 = Debug|Any CPU
		{BA11F09A-A5B0-4353-8565-3632069AC69F}.Release|Any CPU.ActiveCfg = Release|Any CPU
		{BA11F09A-A5B0-4353-8565-3632069AC69F}.Release|Any CPU.Build.0 = Release|Any CPU
		{44144263-01D8-4FE8-9E31-98D952BCDB97}.Debug|Any CPU.ActiveCfg = Debug|Any CPU
		{44144263-01D8-4FE8-9E31-98D952BCDB97}.Debug|Any CPU.Build.0 = Debug|Any CPU
		{44144263-01D8-4FE8-9E31-98D952BCDB97}.Release|Any CPU.ActiveCfg = Release|Any CPU
		{44144263-01D8-4FE8-9E31-98D952BCDB97}.Release|Any CPU.Build.0 = Release|Any CPU
		{B6D25D16-A445-43B6-95A1-626DF014B87A}.Debug|Any CPU.ActiveCfg = Debug|Any CPU
		{B6D25D16-A445-43B6-95A1-626DF014B87A}.Debug|Any CPU.Build.0 = Debug|Any CPU
		{B6D25D16-A445-43B6-95A1-626DF014B87A}.Release|Any CPU.ActiveCfg = Release|Any CPU
		{B6D25D16-A445-43B6-95A1-626DF014B87A}.Release|Any CPU.Build.0 = Release|Any CPU
		{65755A30-7DF4-4FD0-9CB6-FE4A67C64156}.Debug|Any CPU.ActiveCfg = Debug|Any CPU
		{65755A30-7DF4-4FD0-9CB6-FE4A67C64156}.Debug|Any CPU.Build.0 = Debug|Any CPU
		{65755A30-7DF4-4FD0-9CB6-FE4A67C64156}.Release|Any CPU.ActiveCfg = Release|Any CPU
		{65755A30-7DF4-4FD0-9CB6-FE4A67C64156}.Release|Any CPU.Build.0 = Release|Any CPU
		{23EFB3EC-8DD2-4BB1-A794-FE1619565480}.Debug|Any CPU.ActiveCfg = Debug|Any CPU
		{23EFB3EC-8DD2-4BB1-A794-FE1619565480}.Debug|Any CPU.Build.0 = Debug|Any CPU
		{23EFB3EC-8DD2-4BB1-A794-FE1619565480}.Release|Any CPU.ActiveCfg = Release|Any CPU
		{23EFB3EC-8DD2-4BB1-A794-FE1619565480}.Release|Any CPU.Build.0 = Release|Any CPU
		{D0377169-52C1-4294-91CA-C97C0C19B293}.Debug|Any CPU.ActiveCfg = Debug|Any CPU
		{D0377169-52C1-4294-91CA-C97C0C19B293}.Debug|Any CPU.Build.0 = Debug|Any CPU
		{D0377169-52C1-4294-91CA-C97C0C19B293}.Release|Any CPU.ActiveCfg = Release|Any CPU
		{D0377169-52C1-4294-91CA-C97C0C19B293}.Release|Any CPU.Build.0 = Release|Any CPU
		{FA80CA32-BE43-422D-8855-81B11ACA853F}.Debug|Any CPU.ActiveCfg = Debug|Any CPU
		{FA80CA32-BE43-422D-8855-81B11ACA853F}.Debug|Any CPU.Build.0 = Debug|Any CPU
		{FA80CA32-BE43-422D-8855-81B11ACA853F}.Release|Any CPU.ActiveCfg = Release|Any CPU
		{FA80CA32-BE43-422D-8855-81B11ACA853F}.Release|Any CPU.Build.0 = Release|Any CPU
		{92B98CF9-00DC-4EE2-831E-C21F116C0ED0}.Debug|Any CPU.ActiveCfg = Debug|Any CPU
		{92B98CF9-00DC-4EE2-831E-C21F116C0ED0}.Debug|Any CPU.Build.0 = Debug|Any CPU
		{92B98CF9-00DC-4EE2-831E-C21F116C0ED0}.Release|Any CPU.ActiveCfg = Release|Any CPU
		{92B98CF9-00DC-4EE2-831E-C21F116C0ED0}.Release|Any CPU.Build.0 = Release|Any CPU
		{8779E9E5-11A5-4B06-8806-52BA1B008983}.Debug|Any CPU.ActiveCfg = Debug|Any CPU
		{8779E9E5-11A5-4B06-8806-52BA1B008983}.Debug|Any CPU.Build.0 = Debug|Any CPU
		{8779E9E5-11A5-4B06-8806-52BA1B008983}.Release|Any CPU.ActiveCfg = Release|Any CPU
		{8779E9E5-11A5-4B06-8806-52BA1B008983}.Release|Any CPU.Build.0 = Release|Any CPU
		{2330ECC4-12A1-4DDF-AE10-2EE70337BFAE}.Debug|Any CPU.ActiveCfg = Debug|Any CPU
		{2330ECC4-12A1-4DDF-AE10-2EE70337BFAE}.Debug|Any CPU.Build.0 = Debug|Any CPU
		{2330ECC4-12A1-4DDF-AE10-2EE70337BFAE}.Release|Any CPU.ActiveCfg = Release|Any CPU
		{2330ECC4-12A1-4DDF-AE10-2EE70337BFAE}.Release|Any CPU.Build.0 = Release|Any CPU
		{20E59ED5-8196-4330-BB91-C98AF1C33DFD}.Debug|Any CPU.ActiveCfg = Debug|Any CPU
		{20E59ED5-8196-4330-BB91-C98AF1C33DFD}.Debug|Any CPU.Build.0 = Debug|Any CPU
		{20E59ED5-8196-4330-BB91-C98AF1C33DFD}.Release|Any CPU.ActiveCfg = Release|Any CPU
		{20E59ED5-8196-4330-BB91-C98AF1C33DFD}.Release|Any CPU.Build.0 = Release|Any CPU
		{3420F53F-6350-4632-AC1A-22EA5329660C}.Debug|Any CPU.ActiveCfg = Debug|Any CPU
		{3420F53F-6350-4632-AC1A-22EA5329660C}.Debug|Any CPU.Build.0 = Debug|Any CPU
		{3420F53F-6350-4632-AC1A-22EA5329660C}.Release|Any CPU.ActiveCfg = Release|Any CPU
		{3420F53F-6350-4632-AC1A-22EA5329660C}.Release|Any CPU.Build.0 = Release|Any CPU
		{86F5895A-37F1-4403-AA2E-FAB6E6D08AC2}.Debug|Any CPU.ActiveCfg = Debug|Any CPU
		{86F5895A-37F1-4403-AA2E-FAB6E6D08AC2}.Debug|Any CPU.Build.0 = Debug|Any CPU
		{86F5895A-37F1-4403-AA2E-FAB6E6D08AC2}.Release|Any CPU.ActiveCfg = Release|Any CPU
		{86F5895A-37F1-4403-AA2E-FAB6E6D08AC2}.Release|Any CPU.Build.0 = Release|Any CPU
		{E68CB160-7D74-45CF-994B-59823B7343A0}.Debug|Any CPU.ActiveCfg = Debug|Any CPU
		{E68CB160-7D74-45CF-994B-59823B7343A0}.Debug|Any CPU.Build.0 = Debug|Any CPU
		{E68CB160-7D74-45CF-994B-59823B7343A0}.Release|Any CPU.ActiveCfg = Release|Any CPU
		{E68CB160-7D74-45CF-994B-59823B7343A0}.Release|Any CPU.Build.0 = Release|Any CPU
		{D6E71392-13D3-4E78-A81D-D988721B3C0F}.Debug|Any CPU.ActiveCfg = Debug|Any CPU
		{D6E71392-13D3-4E78-A81D-D988721B3C0F}.Debug|Any CPU.Build.0 = Debug|Any CPU
		{D6E71392-13D3-4E78-A81D-D988721B3C0F}.Release|Any CPU.ActiveCfg = Release|Any CPU
		{D6E71392-13D3-4E78-A81D-D988721B3C0F}.Release|Any CPU.Build.0 = Release|Any CPU
		{896BBACB-7545-445D-82F1-C059A3EEC51F}.Debug|Any CPU.ActiveCfg = Debug|Any CPU
		{896BBACB-7545-445D-82F1-C059A3EEC51F}.Debug|Any CPU.Build.0 = Debug|Any CPU
		{896BBACB-7545-445D-82F1-C059A3EEC51F}.Release|Any CPU.ActiveCfg = Release|Any CPU
		{896BBACB-7545-445D-82F1-C059A3EEC51F}.Release|Any CPU.Build.0 = Release|Any CPU
		{1DB1C396-5175-47E3-AFE6-9054FECB5294}.Debug|Any CPU.ActiveCfg = Debug|Any CPU
		{1DB1C396-5175-47E3-AFE6-9054FECB5294}.Debug|Any CPU.Build.0 = Debug|Any CPU
		{1DB1C396-5175-47E3-AFE6-9054FECB5294}.Release|Any CPU.ActiveCfg = Release|Any CPU
		{1DB1C396-5175-47E3-AFE6-9054FECB5294}.Release|Any CPU.Build.0 = Release|Any CPU
		{849DF1FA-5467-46D1-972D-0CE335758C8D}.Debug|Any CPU.ActiveCfg = Debug|Any CPU
		{849DF1FA-5467-46D1-972D-0CE335758C8D}.Debug|Any CPU.Build.0 = Debug|Any CPU
		{849DF1FA-5467-46D1-972D-0CE335758C8D}.Release|Any CPU.ActiveCfg = Release|Any CPU
		{849DF1FA-5467-46D1-972D-0CE335758C8D}.Release|Any CPU.Build.0 = Release|Any CPU
	EndGlobalSection
	GlobalSection(SolutionProperties) = preSolution
		HideSolutionNode = FALSE
	EndGlobalSection
	GlobalSection(NestedProjects) = preSolution
		{0B54A5D3-6C52-4EDA-9721-021E830D8863} = {42CAD214-9903-48ED-BE75-561A510419C1}
		{97EE1D74-6CBE-4344-9FA4-B52F9DAB1379} = {88544639-6DCB-4A5F-A910-7ABF8C54A729}
		{B9D87EF2-8A2A-4DC6-B584-BAF3DD49B121} = {B5CDD560-4F0B-4568-BCAA-E95CAABF622A}
		{35230779-C733-46F2-92DD-040268AB8AE6} = {75FEDEEA-7FE0-4611-BF12-5D3EFD436F8A}
		{1F264507-CEE6-48AA-AFAE-65C6C6220702} = {35230779-C733-46F2-92DD-040268AB8AE6}
		{33F9E7BC-DB00-4B8D-8239-23B3685FB05E} = {75FEDEEA-7FE0-4611-BF12-5D3EFD436F8A}
		{E6FDE18B-A0B7-4636-A899-626F2BACC178} = {33F9E7BC-DB00-4B8D-8239-23B3685FB05E}
		{FBAC7601-6A90-4627-8C63-D18B4B3C534F} = {75FEDEEA-7FE0-4611-BF12-5D3EFD436F8A}
		{8EDC285C-B95C-4161-B40C-D2BCA388EAE6} = {75FEDEEA-7FE0-4611-BF12-5D3EFD436F8A}
		{BA11F09A-A5B0-4353-8565-3632069AC69F} = {8EDC285C-B95C-4161-B40C-D2BCA388EAE6}
		{1C0B13CA-7820-4AD5-A3D8-DE489F8A373D} = {75FEDEEA-7FE0-4611-BF12-5D3EFD436F8A}
		{44144263-01D8-4FE8-9E31-98D952BCDB97} = {1C0B13CA-7820-4AD5-A3D8-DE489F8A373D}
		{6FAABFBD-40A7-4DB3-AEE1-0E01367553CE} = {75FEDEEA-7FE0-4611-BF12-5D3EFD436F8A}
		{B6D25D16-A445-43B6-95A1-626DF014B87A} = {6FAABFBD-40A7-4DB3-AEE1-0E01367553CE}
		{C56CB008-58AC-4160-BCE8-2CF1E8B30626} = {75FEDEEA-7FE0-4611-BF12-5D3EFD436F8A}
		{65755A30-7DF4-4FD0-9CB6-FE4A67C64156} = {C56CB008-58AC-4160-BCE8-2CF1E8B30626}
		{A8C84B9C-5B7F-4597-B75A-22DE085A4624} = {75FEDEEA-7FE0-4611-BF12-5D3EFD436F8A}
		{23EFB3EC-8DD2-4BB1-A794-FE1619565480} = {A8C84B9C-5B7F-4597-B75A-22DE085A4624}
		{6222D77D-F58A-4FCC-80D8-6233D42A7860} = {75FEDEEA-7FE0-4611-BF12-5D3EFD436F8A}
		{D0377169-52C1-4294-91CA-C97C0C19B293} = {6222D77D-F58A-4FCC-80D8-6233D42A7860}
		{94439132-E969-4D2F-B379-559BA372AB1B} = {75FEDEEA-7FE0-4611-BF12-5D3EFD436F8A}
		{FA80CA32-BE43-422D-8855-81B11ACA853F} = {94439132-E969-4D2F-B379-559BA372AB1B}
		{92B98CF9-00DC-4EE2-831E-C21F116C0ED0} = {88544639-6DCB-4A5F-A910-7ABF8C54A729}
		{8779E9E5-11A5-4B06-8806-52BA1B008983} = {88544639-6DCB-4A5F-A910-7ABF8C54A729}
		{2330ECC4-12A1-4DDF-AE10-2EE70337BFAE} = {88544639-6DCB-4A5F-A910-7ABF8C54A729}
		{20E59ED5-8196-4330-BB91-C98AF1C33DFD} = {FBAC7601-6A90-4627-8C63-D18B4B3C534F}
		{3420F53F-6350-4632-AC1A-22EA5329660C} = {FBAC7601-6A90-4627-8C63-D18B4B3C534F}
		{86F5895A-37F1-4403-AA2E-FAB6E6D08AC2} = {FBAC7601-6A90-4627-8C63-D18B4B3C534F}
		{E68CB160-7D74-45CF-994B-59823B7343A0} = {FBAC7601-6A90-4627-8C63-D18B4B3C534F}
		{D6E71392-13D3-4E78-A81D-D988721B3C0F} = {0E8BB422-E580-4405-8D35-77EBD404B042}
		{896BBACB-7545-445D-82F1-C059A3EEC51F} = {0E8BB422-E580-4405-8D35-77EBD404B042}
		{1DB1C396-5175-47E3-AFE6-9054FECB5294} = {0E8BB422-E580-4405-8D35-77EBD404B042}
		{849DF1FA-5467-46D1-972D-0CE335758C8D} = {0E8BB422-E580-4405-8D35-77EBD404B042}
	EndGlobalSection
	GlobalSection(ExtensibilityGlobals) = postSolution
		SolutionGuid = {1B5139B3-0A01-479B-A61A-8B150C8675AE}
	EndGlobalSection
EndGlobal
